
Microsoft Visual Studio Solution File, Format Version 12.00
# Visual Studio Version 17
VisualStudioVersion = 17.12.35728.132 d17.12
MinimumVisualStudioVersion = 10.0.40219.1
Project("{FAE04EC0-301F-11D3-BF4B-00C04F79EFBC}") = "LearningManagementSystem.Api", "LearningManagementSystem.Api\LearningManagementSystem.Api.csproj", "{40B0842C-8AAA-44B1-B4AA-9638580AE134}"
EndProject
Project("{2150E333-8FDC-42A3-9474-1A3956D46DE8}") = "Documents", "Documents", "{F248370F-F3B3-4DCB-A694-A2BF2BDE737E}"
	ProjectSection(SolutionItems) = preProject
		..\README.md = ..\README.md
	EndProjectSection
EndProject
Project("{FAE04EC0-301F-11D3-BF4B-00C04F79EFBC}") = "LearningManagementSystem.DataBase", "LearningManagementSystem.DataBase\LearningManagementSystem.DataBase.csproj", "{69792CB0-2F30-46E8-B6FA-3326C3BB432A}"
EndProject
Project("{FAE04EC0-301F-11D3-BF4B-00C04F79EFBC}") = "LearningManagementSystem.Domain", "LearningManagementSystem.Domain\LearningManagementSystem.Domain.csproj", "{ABAF40F1-D1F6-4106-8F72-E37BE6BC13D8}"
EndProject
Global
	GlobalSection(SolutionConfigurationPlatforms) = preSolution
		Debug|Any CPU = Debug|Any CPU
		Release|Any CPU = Release|Any CPU
	EndGlobalSection
	GlobalSection(ProjectConfigurationPlatforms) = postSolution
		{40B0842C-8AAA-44B1-B4AA-9638580AE134}.Debug|Any CPU.ActiveCfg = Debug|Any CPU
		{40B0842C-8AAA-44B1-B4AA-9638580AE134}.Debug|Any CPU.Build.0 = Debug|Any CPU
		{40B0842C-8AAA-44B1-B4AA-9638580AE134}.Release|Any CPU.ActiveCfg = Release|Any CPU
		{40B0842C-8AAA-44B1-B4AA-9638580AE134}.Release|Any CPU.Build.0 = Release|Any CPU
		{69792CB0-2F30-46E8-B6FA-3326C3BB432A}.Debug|Any CPU.ActiveCfg = Debug|Any CPU
		{69792CB0-2F30-46E8-B6FA-3326C3BB432A}.Debug|Any CPU.Build.0 = Debug|Any CPU
		{69792CB0-2F30-46E8-B6FA-3326C3BB432A}.Release|Any CPU.ActiveCfg = Release|Any CPU
		{69792CB0-2F30-46E8-B6FA-3326C3BB432A}.Release|Any CPU.Build.0 = Release|Any CPU
		{ABAF40F1-D1F6-4106-8F72-E37BE6BC13D8}.Debug|Any CPU.ActiveCfg = Debug|Any CPU
		{ABAF40F1-D1F6-4106-8F72-E37BE6BC13D8}.Debug|Any CPU.Build.0 = Debug|Any CPU
		{ABAF40F1-D1F6-4106-8F72-E37BE6BC13D8}.Release|Any CPU.ActiveCfg = Release|Any CPU
		{ABAF40F1-D1F6-4106-8F72-E37BE6BC13D8}.Release|Any CPU.Build.0 = Release|Any CPU
	EndGlobalSection
	GlobalSection(SolutionProperties) = preSolution
		HideSolutionNode = FALSE
	EndGlobalSection
EndGlobal
